
Microsoft Visual Studio Solution File, Format Version 12.00
# Visual Studio Version 17
VisualStudioVersion = 17.0.31903.59
MinimumVisualStudioVersion = 10.0.40219.1
Project("{FAE04EC0-301F-11D3-BF4B-00C04F79EFBC}") = "Domain", "Domain\Domain.csproj", "{14072E68-4B56-411A-9A93-C6E16052A998}"
EndProject
Project("{2150E333-8FDC-42A3-9474-1A3956D46DE8}") = "Tests", "Tests", "{290513AE-CB52-4972-8696-C8C5E78A2D93}"
EndProject
Project("{FAE04EC0-301F-11D3-BF4B-00C04F79EFBC}") = "UnitTest", "Tests\UnitTest\UnitTest.csproj", "{0B1397C2-7DB1-4DFA-AAE1-B93606410A08}"
EndProject
Global
	GlobalSection(SolutionConfigurationPlatforms) = preSolution
		Debug|Any CPU = Debug|Any CPU
		Release|Any CPU = Release|Any CPU
	EndGlobalSection
	GlobalSection(SolutionProperties) = preSolution
		HideSolutionNode = FALSE
	EndGlobalSection
	GlobalSection(ProjectConfigurationPlatforms) = postSolution
		{14072E68-4B56-411A-9A93-C6E16052A998}.Debug|Any CPU.ActiveCfg = Debug|Any CPU
		{14072E68-4B56-411A-9A93-C6E16052A998}.Debug|Any CPU.Build.0 = Debug|Any CPU
		{14072E68-4B56-411A-9A93-C6E16052A998}.Release|Any CPU.ActiveCfg = Release|Any CPU
		{14072E68-4B56-411A-9A93-C6E16052A998}.Release|Any CPU.Build.0 = Release|Any CPU
		{0B1397C2-7DB1-4DFA-AAE1-B93606410A08}.Debug|Any CPU.ActiveCfg = Debug|Any CPU
		{0B1397C2-7DB1-4DFA-AAE1-B93606410A08}.Debug|Any CPU.Build.0 = Debug|Any CPU
		{0B1397C2-7DB1-4DFA-AAE1-B93606410A08}.Release|Any CPU.ActiveCfg = Release|Any CPU
		{0B1397C2-7DB1-4DFA-AAE1-B93606410A08}.Release|Any CPU.Build.0 = Release|Any CPU
	EndGlobalSection
	GlobalSection(NestedProjects) = preSolution
		{0B1397C2-7DB1-4DFA-AAE1-B93606410A08} = {290513AE-CB52-4972-8696-C8C5E78A2D93}
	EndGlobalSection
EndGlobal
